
Microsoft Visual Studio Solution File, Format Version 12.00
# Visual Studio Version 16
VisualStudioVersion = 16.0.30204.135
MinimumVisualStudioVersion = 10.0.40219.1
Project("{FAE04EC0-301F-11D3-BF4B-00C04F79EFBC}") = "WebApplication1", "WebApplication1.csproj", "{A0120E0B-8406-4506-B641-4D0C1A42A74E}"
EndProject
Global
	GlobalSection(SolutionConfigurationPlatforms) = preSolution
		Debug|Any CPU = Debug|Any CPU
		Release|Any CPU = Release|Any CPU
	EndGlobalSection
	GlobalSection(ProjectConfigurationPlatforms) = postSolution
		{A0120E0B-8406-4506-B641-4D0C1A42A74E}.Debug|Any CPU.ActiveCfg = Debug|Any CPU
		{A0120E0B-8406-4506-B641-4D0C1A42A74E}.Debug|Any CPU.Build.0 = Debug|Any CPU
		{A0120E0B-8406-4506-B641-4D0C1A42A74E}.Release|Any CPU.ActiveCfg = Release|Any CPU
		{A0120E0B-8406-4506-B641-4D0C1A42A74E}.Release|Any CPU.Build.0 = Release|Any CPU
	EndGlobalSection
	GlobalSection(SolutionProperties) = preSolution
		HideSolutionNode = FALSE
	EndGlobalSection
	GlobalSection(ExtensibilityGlobals) = postSolution
		SolutionGuid = {36644CF5-D48E-490C-9062-717636B67647}
	EndGlobalSection
EndGlobal
